Microsoft Visual Studio Solution File, Format Version 12.00
# Visual Studio Version 18
VisualStudioVersion = 18.8.12021.73 stable
MinimumVisualStudioVersion = 10.0.40219.1
Project("{FAE04EC0-301F-11D3-BF4B-00C04F79EFBC}") = "SC6000DelayedMonitor", "SC6000DelayedMonitor\SC6000DelayedMonitor.csproj", "{F1B35190-7D59-494F-83B5-572BB52F810F}"
EndProject
Global
	GlobalSection(SolutionConfigurationPlatforms) = preSolution
		Debug|Any CPU = Debug|Any CPU
		Release|Any CPU = Release|Any CPU
	EndGlobalSection
	GlobalSection(ProjectConfigurationPlatforms) = postSolution
		{F1B35190-7D59-494F-83B5-572BB52F810F}.Debug|Any CPU.ActiveCfg = Debug|Any CPU
		{F1B35190-7D59-494F-83B5-572BB52F810F}.Debug|Any CPU.Build.0 = Debug|Any CPU
		{F1B35190-7D59-494F-83B5-572BB52F810F}.Release|Any CPU.ActiveCfg = Release|Any CPU
		{F1B35190-7D59-494F-83B5-572BB52F810F}.Release|Any CPU.Build.0 = Release|Any CPU
	EndGlobalSection
	GlobalSection(SolutionProperties) = preSolution
		HideSolutionNode = FALSE
	EndGlobalSection
EndGlobal
